
Microsoft Visual Studio Solution File, Format Version 12.00
# Visual Studio Version 17
VisualStudioVersion = 17.5.002.0
MinimumVisualStudioVersion = 10.0.40219.1
Project("{9A19103F-16F7-4668-BE54-9A1E7A4F7556}") = "Calculadora", "Calculadora.csproj", "{C756490B-6C92-430E-BFE1-E4A2ABD6C1B4}"
EndProject
Global
	GlobalSection(SolutionConfigurationPlatforms) = preSolution
		Debug|Any CPU = Debug|Any CPU
		Release|Any CPU = Release|Any CPU
	EndGlobalSection
	GlobalSection(ProjectConfigurationPlatforms) = postSolution
		{C756490B-6C92-430E-BFE1-E4A2ABD6C1B4}.Debug|Any CPU.ActiveCfg = Debug|Any CPU
		{C756490B-6C92-430E-BFE1-E4A2ABD6C1B4}.Debug|Any CPU.Build.0 = Debug|Any CPU
		{C756490B-6C92-430E-BFE1-E4A2ABD6C1B4}.Release|Any CPU.ActiveCfg = Release|Any CPU
		{C756490B-6C92-430E-BFE1-E4A2ABD6C1B4}.Release|Any CPU.Build.0 = Release|Any CPU
	EndGlobalSection
	GlobalSection(SolutionProperties) = preSolution
		HideSolutionNode = FALSE
	EndGlobalSection
	GlobalSection(ExtensibilityGlobals) = postSolution
		SolutionGuid = {AB130AEF-7341-46C8-ACB8-9C3724EFA461}
	EndGlobalSection
EndGlobal
